# This file is automatically @generated by Cargo.
# It is not intended for manual editing.
version = 4

[[package]]
name = "aho-corasick"
version = "1.1.5"
source = "registry+https://github.com/rust-lang/crates.io-index"
checksum = "c982642fa9e8606056828ee9a8505737230110bb1099153c79efe865c59d12ba"
dependencies = [
 "memchr",
]

[[package]]
name = "async-stream"
version = "0.3.6"
source = "registry+https://github.com/rust-lang/crates.io-index"
checksum = "0b5a71a6f37880a80d1d7f19efd781e4b5de42c88f0722cc13bcb6cc2cfe8476"
dependencies = [
 "async-stream-impl",
 "futures-core",
 "pin-project-lite",
]

[[package]]
name = "async-stream-impl"
version = "0.3.6"
source = "registry+https://github.com/rust-lang/crates.io-index"
checksum = "c7c24de15d275a1ecfd47a380fb4d5ec9bfe0933f309ed5e705b775596a3574d"
dependencies = [
 "proc-macro2",
 "quote",
 "syn 2.0.119",
]

[[package]]
name = "atomic-waker"
version = "1.1.2"
source = "registry+https://github.com/rust-lang/crates.io-index"
checksum = "1505bd5d116872e7271a6d4e16d81d0c8570876c8de68093a09ac269d8aac0"

[[package]]
name = "autocfg"
version = "1.5.0"
source = "registry+https://github.com/rust-lang/crates.io-index"
checksum = "c08606f8c3cbf4ce6ec8e28fb0014a2c086708fe954eaa885384a6165172e7e8"

[[package]]
name = "axum"
version = "0.8.4"
source = "registry+https://github.com/rust-lang/crates.io-index"
checksum = "021e93f0098090400031e9f74e5c176e4b9be6c8918fe125b4eb35f55f0c3d4b"
dependencies = [
 "axum-core",
 "bytes",
 "futures-util",
 "http",
 "http-body",
 "http-body-util",
 "hyper",
 "hyper-util",
 "itoa",
 "matchit",
 "memchr",
 "mime",
 "percent-encoding",
 "pin-project-lite",
 "serde",
 "serde_json",
 "serde_path_to_error",
 "sync_wrapper",
 "tokio",
 "tower",
 "tower-layer",
 "tower-service",
]

[[package]]
name = "axum-core"
version = "0.5.5"
source = "registry+https://github.com/rust-lang/crates.io-index"
checksum = "d20fd7e8c6042662853512918fb8e4bfa1533a5570dfd674f7fbb736c4cc91e8"
dependencies = [
 "bytes",
 "futures-core",
 "http",
 "http-body",
 "http-body-util",
 "mime",
 "pin-project-lite",
 "rustversion",
 "sync_wrapper",
 "tower-layer",
 "tower-service",
]

[[package]]
name = "base64"
version = "0.22.1"
source = "registry+https://github.com/rust-lang/crates.io-index"
checksum = "72b32578e808f1b2ee41626bd0512fd11478e682f3f097a8f8c7277cbb7f30c1"

[[package]]
name = "bytes"
version = "1.11.1"
source = "registry+https://github.com/rust-lang/crates.io-index"
checksum = "fe0d7f7636f984dedf5c9e9402b74650edb7e205b631de3f3cdcd37a388cdd72"

[[package]]
name = "cfg-if"
version = "1.0.4"
source = "registry+https://github.com/rust-lang/crates.io-index"
checksum = "9330f8b2ff13f34540b44e946ef35111825727b38d33286ef986142615121801"

[[package]]
name = "equivalent"
version = "1.0.2"
source = "registry+https://github.com/rust-lang/crates.io-index"
checksum = "877a4ace8713b0bcf2a4e7eec82529c029f1d0619886d18145fea96c3ffe5c0f"

[[package]]
name = "fnv"
version = "1.0.7"
source = "registry+https://github.com/rust-lang/crates.io-index"
checksum = "3f9eec918d3f24069decb99d35cc72250a00722cd7a0d8ec92df5c1b83581c85"

[[package]]
name = "form_urlencoded"
version = "1.2.2"
source = "registry+https://github.com/rust-lang/crates.io-index"
checksum = "cb4cb245038516f5f6f1900d4d43151f17eeb0bc81bf508a4733e68327ad5b31"
dependencies = [
 "percent-encoding",
]

[[package]]
name = "futures-channel"
version = "0.3.32"
source = "registry+https://github.com/rust-lang/crates.io-index"
checksum = "bb75d941d4c1a4cd61d73b26e24e510f7d6ad50e998497a7d6f6a859e747aef9"
dependencies = [
 "futures-core",
]

[[package]]
name = "futures-core"
version = "0.3.32"
source = "registry+https://github.com/rust-lang/crates.io-index"
checksum = "887539f959065a9e7c545d609471404b5372fdfba7b08e35d16389f60f79898a"

[[package]]
name = "futures-task"
version = "0.3.32"
source = "registry+https://github.com/rust-lang/crates.io-index"
checksum = "6f7aaebbb5def156d4668e5cbbed568f45bb1c9d05d72fc182d4a0b5e9248371"

[[package]]
name = "futures-util"
version = "0.3.32"
source = "registry+https://github.com/rust-lang/crates.io-index"
checksum = "de8508577f181f17efc1652b5ed7d1ce378c5a30bcf80ee3269550d8821d6aa3"
dependencies = [
 "futures-core",
 "futures-task",
 "pin-project-lite",
 "pin-utils",
]

[[package]]
name = "getrandom"
version = "0.2.17"
source = "registry+https://github.com/rust-lang/crates.io-index"
checksum = "686cb8c459bf224b66c75ea076e485502722e806bce2f07a71ff7c10afee76d7"
dependencies = [
 "cfg-if",
 "libc",
 "wasi",
]

[[package]]
name = "hashbrown"
version = "0.16.1"
source = "registry+https://github.com/rust-lang/crates.io-index"
checksum = "2fd4e903f9cfc597b74f2a81e51f95726227d501a6d7a919f37fcac2f2bb6156"

[[package]]
name = "http"
version = "1.4.0"
source = "registry+https://github.com/rust-lang/crates.io-index"
checksum = "0986a633a418281a015b2d7351cf6243759ddda04b50df4126f421ecdb2b59f0"
dependencies = [
 "bytes",
 "itoa",
]

[[package]]
name = "http-body"
version = "1.0.1"
source = "registry+https://github.com/rust-lang/crates.io-index"
checksum = "1efedce11307436dc52e953bec292253e2f46fdf24932ff83e9862eaa7b21e844"
dependencies = [
 "bytes",
 "http",
]

[[package]]
name = "http-body-util"
version = "0.1.3"
source = "registry+https://github.com/rust-lang/crates.io-index"
checksum = "b021d93e26becf5dc7e1b75b1bed1fd93124b374ceb73f43d4d4eafec896a64a"
dependencies = [
 "bytes",
 "futures-core",
 "http",
 "http-body",
 "pin-project-lite",
]

[[package]]
name = "httparse"
version = "1.10.1"
source = "registry+https://github.com/rust-lang/crates.io-index"
checksum = "6dbf3de79af502f960d82520b588c46a6d2760b5c7f7d0995760b8a3089af35"

[[package]]
name = "httpdate"
version = "1.0.3"
source = "registry+https://github.com/rust-lang/crates.io-index"
checksum = "df3baf605a013afc9487cdadf7a60f56055822333e4f01db65ba6a18d610b637"

[[package]]
name = "hyper"
version = "1.8.1"
source = "registry+https://github.com/rust-lang/crates.io-index"
checksum = "6eb596385cf4d467a8e221b05bec42eeb4fa34df11da7d27097d9914b72aaab4c"
dependencies = [
 "atomic-waker",
 "bytes",
 "futures-channel",
 "futures-core",
 "http",
 "http-body",
 "httparse",
 "httpdate",
 "itoa",
 "pin-project-lite",
 "smallvec",
 "tokio",
]

[[package]]
name = "hyper-util"
version = "0.1.20"
source = "registry+https://github.com/rust-lang/crates.io-index"
checksum = "9607a208000fa23376b2ef89a56146f92e1024c08ec42584173e74692b1665cf0"
dependencies = [
 "bytes",
 "futures-channel",
 "futures-util",
 "http",
 "http-body",
 "hyper",
 "pin-project-lite",
 "socket2",
 "tokio",
 "tower-service",
]

[[package]]
name = "idna"
version = "1.1.0"
source = "registry+https://github.com/rust-lang/crates.io-index"
checksum = "3b380261755effc8c10b72f643f387582696b5e3a37e10344555c91e04433830"
dependencies = [
 "idna_adapter",
 "smallvec",
 "utf8_iter",
]

[[package]]
name = "idna_adapter"
version = "1.2.1"
source = "registry+https://github.com/rust-lang/crates.io-index"
checksum = "9f8e2b87bdf9e4a3f8c0e7a3b810322cbba59f5a4ea1a9fd544fe31e39a52ca5"
dependencies = [
 "icu_normalizer",
 "icu_properties",
]

[[package]]
name = "icu_collections"
version = "2.1.1"
source = "registry+https://github.com/rust-lang/crates.io-index"
checksum = "f34ee9e9ea9ce3060ebf9e39388012984874d547b33f3f5222cf796887c211b0"
dependencies = [
 "displaydoc",
 "potential_utf",
 "yoke",
 "zerofrom",
 "zerovec",
]

[[package]]
name = "icu_locale_core"
version = "2.1.1"
source = "registry+https://github.com/rust-lang/crates.io-index"
checksum = "48a98a9a25728b2d13ea95473bd56cbb37a6c5c23bf632aaf9635766ec668f49"
dependencies = [
 "displaydoc",
 "litemap",
 "tinystr",
 "writeable",
 "zerovec",
]

[[package]]
name = "icu_normalizer"
version = "2.1.1"
source = "registry+https://github.com/rust-lang/crates.io-index"
checksum = "0e627b6d16a3e46236f7c28e3d8ca8a1d9a3e7c0fca4ed698870e3f68f128dfc"
dependencies = [
 "icu_collections",
 "icu_normalizer_data",
 "icu_provider",
 "smallvec",
 "zerovec",
]

[[package]]
name = "icu_normalizer_data"
version = "2.1.1"
source = "registry+https://github.com/rust-lang/crates.io-index"
checksum = "96cc6fbd5271b236bcf52ab49ce57c1eec84c3f92e325c6440bddcaab8163395"

[[package]]
name = "icu_properties"
version = "2.1.2"
source = "registry+https://github.com/rust-lang/crates.io-index"
checksum = "b6ec737e98c14b6438fb1b69b130103afe913163aad8b2103f969c7fc7699a1d"
dependencies = [
 "icu_collections",
 "icu_locale_core",
 "icu_properties_data",
 "icu_provider",
 "potential_utf",
 "zerotrie",
 "zerovec",
]

[[package]]
name = "icu_properties_data"
version = "2.1.2"
source = "registry+https://github.com/rust-lang/crates.io-index"
checksum = "1b1d56a0d96bc3764cb84e5116828acb34f6709611f25e90903d3ebdeae601df"

[[package]]
name = "icu_provider"
version = "2.1.1"
source = "registry+https://github.com/rust-lang/crates.io-index"
checksum = "c0f9d4bf7a4f84d9cfc0816e6092bbf667e45a4ca25e4ad7383629e041b3bf4f"
dependencies = [
 "displaydoc",
 "icu_locale_core",
 "stable_deref_trait",
 "tinystr",
 "writeable",
 "yoke",
 "zerofrom",
 "zerovec",
]

[[package]]
name = "indexmap"
version = "2.13.0"
source = "registry+https://github.com/rust-lang/crates.io-index"
checksum = "07442f4b1fe0551c8b9345e4113e131c54b933d83b27311d1bb746098c7393e3"
dependencies = [
 "equivalent",
 "hashbrown",
]

[[package]]
name = "itoa"
version = "1.0.17"
source = "registry+https://github.com/rust-lang/crates.io-index"
checksum = "b7224fa0b38809d86c8f42c0b2634277a58ea5e47253f4156c0452b206fc5eb0"

[[package]]
name = "lambda_runtime"
version = "1.3.0"
source = "registry+https://github.com/rust-lang/crates.io-index"
checksum = "c931b503dcd160bc4ae5b7b0228b5f7eb250d79c892aa7ffb488b4b25b742f96"
dependencies = [
 "async-stream",
 "base64",
 "bytes",
 "http",
 "http-body-util",
 "http-serde",
 "http-serde-ext",
 "httpdate",
 "hyper",
 "hyper-util",
 "lambda_runtime_api_client",
 "lambda_runtime_types",
 "pin-project",
 "query_map",
 "serde",
 "serde_json",
 "tokio",
 "tower-service",
 "tracing",
 "tracing-subscriber",
]

[[package]]
name = "lambda_runtime_api_client"
version = "0.13.0"
source = "registry+https://github.com/rust-lang/crates.io-index"
checksum = "657458be3fb63c4f7bcc778f96631b8fb02e8e392dfb7bf8fdd0d6ba7cfffd32d"
dependencies = [
 "http",
 "http-body",
 "http-body-util",
 "hyper",
 "hyper-util",
 "rustls-native-certs",
 "thiserror 2.0.18",
 "tokio",
 "tokio-rustls",
 "tracing",
 "webpki-roots 1.0.6",
]

[[package]]
name = "lambda_runtime_types"
version = "0.2.0"
source = "registry+https://github.com/rust-lang/crates.io-index"
checksum = "ca9fcb74c746e4c20d57ae5680230f1ef4a66e310e27bb2cb43099e799b79bf5"
dependencies = [
 "bytes",
 "http",
 "http-body-util",
 "lambda_runtime_api_client",
 "pin-project",
 "query_map",
 "serde",
 "serde_json",
 "tracing",
]

[[package]]
name = "libc"
version = "0.2.183"
source = "registry+https://github.com/rust-lang/crates.io-index"
checksum = "630a6e4c72a5cc96afb12e7368c1ac4aeef6eea5a2e64b8df954ebec37f4c698c"

[[package]]
name = "litemap"
version = "0.8.1"
source = "registry+https://github.com/rust-lang/crates.io-index"
checksum = "b2795ee9bc462b1168f822e919f5da29aef7628404d5d1c20bdb8e88ad0ca780c"

[[package]]
name = "log"
version = "0.4.29"
source = "registry+https://github.com/rust-lang/crates.io-index"
checksum = "0f4cb97f0f61fb1bfaa84575ddd3fec3ced81f0410d040d625e996f974a621c5"

[[package]]
name = "matchit"
version = "0.8.4"
source = "registry+https://github.com/rust-lang/crates.io-index"
checksum = "baec8d10a1bb0cc5bb49d951f3b7aa9e5399efcaea29c29a4760ae0483978704"

[[package]]
name = "memchr"
version = "2.8.0"
source = "registry+https://github.com/rust-lang/crates.io-index"
checksum = "26df622bb25db087346aebf74ba92c05d33fffbf55fe8a9e00a405cd452ef5b13"

[[package]]
name = "mime"
version = "0.3.17"
source = "registry+https://github.com/rust-lang/crates.io-index"
checksum = "687b325b0503b6c4f3f1f8d4d8e2fe0deed9e78d807f9bb4c09b58de63b3026"

[[package]]
name = "mio"
version = "1.1.1"
source = "registry+https://github.com/rust-lang/crates.io-index"
checksum = "f8fc3af8b280d7195109da60a763c9bb6e218931254b9302556759027d0e831a"
dependencies = [
 "libc",
 "wasi",
 "windows-sys 0.61.2",
]

[[package]]
name = "once_cell"
version = "1.21.3"
source = "registry+https://github.com/rust-lang/crates.io-index"
checksum = "42f5e15c9953c5e4ccceeb2e7382a716482c34515315f7b03532b8b4e8393d2d"

[[package]]
name = "percent-encoding"
version = "2.3.2"
source = "registry+https://github.com/rust-lang/crates.io-index"
checksum = "22806a29f57a56acf7a4899b0f4481187594890ac4db8ea50575a83c9215c6c0"

[[package]]
name = "pin-project"
version = "1.1.11"
source = "registry+https://github.com/rust-lang/crates.io-index"
checksum = "5f83f1e0316afccad7a28bca937233697691af84209956178427a52a7471a3e26"
dependencies = [
 "pin-project-internal",
]

[[package]]
name = "pin-project-internal"
version = "1.1.11"
source = "registry+https://github.com/rust-lang/crates.io-index"
checksum = "eaf70200a60e61de891fd8d686f22d9e9e71eff357371822401ac4e846dd6d91"
dependencies = [
 "proc-macro2",
 "quote",
 "syn 2.0.119",
]

[[package]]
name = "pin-project-lite"
version = "0.2.17"
source = "registry+https://github.com/rust-lang/crates.io-index"
checksum = "f144b793412e304d905aef3770477402e544724c6ef78b6b900a55ca98d8646f"

[[package]]
name = "pin-utils"
version = "0.1.0"
source = "registry+https://github.com/rust-lang/crates.io-index"
checksum = "8b870d25c5651e4b61f91c114fb2cb2fe508a416d1e9f035195f2c8cf75e1835"

[[package]]
name = "potential_utf"
version = "0.1.4"
source = "registry+https://github.com/rust-lang/crates.io-index"
checksum = "dc98d9f2f015ca373c075b81349555e98af5f6c60f6c26a7b27b0516b328db4"
dependencies = [
 "zerovec",
]

[[package]]
name = "proc-macro2"
version = "1.0.106"
source = "registry+https://github.com/rust-lang/crates.io-index"
checksum = "f4737f8ff7538837a1474c96e6e1641dd07c77a0451862ea34e06f56f3f09d34"
dependencies = [
 "unicode-ident",
]

[[package]]
name = "quote"
version = "1.0.45"
source = "registry+https://github.com/rust-lang/crates.io-index"
checksum = "528c3e87e746e89d46a8468c1ee839b63bc8e0f7dce5873df4cf4d48322b0fa"
dependencies = [
 "proc-macro2",
]

[[package]]
name = "query_map"
version = "0.7.0"
source = "registry+https://github.com/rust-lang/crates.io-index"
checksum = "4d24e021fe5ac25817003713fca6bdf360d5084b39d23bd1673ab457c723361a"
dependencies = [
 "form_urlencoded",
 "serde",
]

[[package]]
name = "regex-automata"
version = "0.4.14"
source = "registry+https://github.com/rust-lang/crates.io-index"
checksum = "ad96b0a3642e2acec95edbe33eeced6c9a2d3c7b525812689e10030261816c58"
dependencies = [
 "aho-corasick",
 "memchr",
 "regex-syntax",
]

[[package]]
name = "regex-syntax"
version = "0.8.10"
source = "registry+https://github.com/rust-lang/crates.io-index"
checksum = "7f23e3b963482831378ef8f5dcc41fb86d9ecae711bf122830d0e2b97655e0bd"

[[package]]
name = "rustls-native-certs"
version = "0.8.3"
source = "registry+https://github.com/rust-lang/crates.io-index"
checksum = "42e166cd3c3ce926f9bc7851cc638c7e065806314697b3e0364c861d5ef3eafd"
dependencies = [
 "openssl-probe",
 "rustls-pki-types",
 "schannel",
 "security-framework",
]

[[package]]
name = "rustls-pki-types"
version = "1.14.0"
source = "registry+https://github.com/rust-lang/crates.io-index"
checksum = "b2937e24ad755aa60399208468a62c26cd97c47ae3e087260e5ca79c05b7aa57"

[[package]]
name = "rustversion"
version = "1.0.22"
source = "registry+https://github.com/rust-lang/crates.io-index"
checksum = "b39cdef0fa800fc44525c84ccb54a68fce3a7b3c2c5f273eeb2b258bc3ed0ff"

[[package]]
name = "scintilla-route-lambdas"
version = "0.2.0"
dependencies = [
 "axum",
 "lambda_runtime",
 "serde_json",
 "tokio",
]

[[package]]
name = "serde"
version = "1.0.228"
source = "registry+https://github.com/rust-lang/crates.io-index"
checksum = "9a8e94ea7f378bd32cbbd37198a4a91436180c5bb4fbeaa46206b58d70ccba31"
dependencies = [
 "serde_core",
]

[[package]]
name = "serde_core"
version = "1.0.228"
source = "registry+https://github.com/rust-lang/crates.io-index"
checksum = "41d385c7d4ca58e59fc732af25c3983b67ac29c427f6823ec6ea9383a22f9e55"
dependencies = [
 "serde_derive",
]

[[package]]
name = "serde_derive"
version = "1.0.228"
source = "registry+https://github.com/rust-lang/crates.io-index"
checksum = "d540f220d3187173da220f40af91bf83bf0423ae6f98514246bd8446b4a25278"
dependencies = [
 "proc-macro2",
 "quote",
 "syn 2.0.119",
]

[[package]]
name = "serde_json"
version = "1.0.149"
source = "registry+https://github.com/rust-lang/crates.io-index"
checksum = "f9ab3e23eed3e1e72a2322e284c7923e4349238c8ed4c15a59ef9fa1004f5b44"
dependencies = [
 "itoa",
 "memchr",
 "serde",
 "serde_core",
 "zmij",
]

[[package]]
name = "serde_path_to_error"
version = "0.1.20"
source = "registry+https://github.com/rust-lang/crates.io-index"
checksum = "08fabf3f0fe3d4ef4c3e6f601f214e577bd076210f2a205424026221c2f0851a"
dependencies = [
 "itoa",
 "serde",
 "serde_core",
]

[[package]]
name = "slab"
version = "0.4.12"
source = "registry+https://github.com/rust-lang/crates.io-index"
checksum = "8e19ff8a5d2974bbf3db40e9a8b0b4a32e4761e672c34ba1dd6f7f6326a3c69"

[[package]]
name = "smallvec"
version = "1.15.1"
source = "registry+https://github.com/rust-lang/crates.io-index"
checksum = "67b1b7a3b5fe4f1b1fc3e6e14af58cbb337fec099717b24f408781fa68e92ec4"

[[package]]
name = "socket2"
version = "0.6.2"
source = "registry+https://github.com/rust-lang/crates.io-index"
checksum = "c453add89a544b969704635f739516274807bc67d22c9437e8d58e7853a594d2"
dependencies = [
 "libc",
 "windows-sys 0.61.2",
]

[[package]]
name = "stable_deref_trait"
version = "1.2.1"
source = "registry+https://github.com/rust-lang/crates.io-index"
checksum = "91268a6c13b1bb2d39a0c962417a2727a26453ad4dcba5a64b04d5d266e461e"

[[package]]
name = "syn"
version = "1.0.109"
source = "registry+https://github.com/rust-lang/crates.io-index"
checksum = "72b64191b2757d532a5b6f473200b0cf5d37f1a29ce209816f3fa735fe6a1f65"
dependencies = [
 "proc-macro2",
 "quote",
 "unicode-ident",
]

[[package]]
name = "syn"
version = "2.0.119"
source = "registry+https://github.com/rust-lang/crates.io-index"
checksum = "e3f5bc5ed2a6b4cc3cf0d54667779eaf17c6da4529a4b75a6f40754fd69b61d7"
dependencies = [
 "proc-macro2",
 "quote",
 "unicode-ident",
]

[[package]]
name = "sync_wrapper"
version = "1.0.2"
source = "registry+https://github.com/rust-lang/crates.io-index"
checksum = "81ea0fb5b8aa74283f41b392dbe93f96dfdf5dec446c985f938a9ab85cf06277"

[[package]]
name = "thiserror"
version = "1.0.69"
source = "registry+https://github.com/rust-lang/crates.io-index"
checksum = "b6aaf5a1ead529b6efbf6ba62aa3b504965b0f11683dedc22ef7972bb173a793d"
dependencies = [
 "thiserror-impl 1.0.69",
]

[[package]]
name = "thiserror"
version = "2.0.18"
source = "registry+https://github.com/rust-lang/crates.io-index"
checksum = "a729f339f063daa5df433784262ef7e48a688df8c779735e8a8e0ca5a6413be3f"
dependencies = [
 "thiserror-impl 2.0.18",
]

[[package]]
name = "thiserror-impl"
version = "1.0.69"
source = "registry+https://github.com/rust-lang/crates.io-index"
checksum = "4d810fb157f5f8f91f9ab504a06320a020c1d56f2a19f54c0fa8a4d079505ad3"
dependencies = [
 "proc-macro2",
 "quote",
 "syn 2.0.119",
]

[[package]]
name = "thiserror-impl"
version = "2.0.18"
source = "registry+https://github.com/rust-lang/crates.io-index"
checksum = "bb6907b6c0f95f1b7f9a1ddb4c411074bc07c0c4ce78d6c891ce68b9ba16e445"
dependencies = [
 "proc-macro2",
 "quote",
 "syn 2.0.119",
]

[[package]]
name = "tinystr"
version = "0.8.2"
source = "registry+https://github.com/rust-lang/crates.io-index"
checksum = "824d5093201e96601a38d7ee2d12847f527ea38219e8ea8f1fef53185d493ba0"
dependencies = [
 "displaydoc",
 "zerovec",
]

[[package]]
name = "tokio"
version = "1.49.0"
source = "registry+https://github.com/rust-lang/crates.io-index"
checksum = "eacb9a19c3e2ecf9c1439f30bd742142ac7b532b622e5e2c8b20ccbb385f7af4"
dependencies = [
 "backtrace",
 "bytes",
 "libc",
 "mio",
 "pin-project-lite",
 "socket2",
 "tokio-macros",
 "windows-sys 0.61.2",
]

[[package]]
name = "tokio-macros"
version = "2.6.0"
source = "registry+https://github.com/rust-lang/crates.io-index"
checksum = "f472155a8273f13584600d4dabcb549a827a5c4c7e2f8e564e6b16dd4e76e2f3"
dependencies = [
 "proc-macro2",
 "quote",
 "syn 2.0.119",
]

[[package]]
name = "tower"
version = "0.5.3"
source = "registry+https://github.com/rust-lang/crates.io-index"
checksum = "3d4143a789826814e98ac145692d5c83e90e2b163118af82537ff68e4233945d"
dependencies = [
 "futures-core",
 "futures-util",
 "pin-project-lite",
 "sync_wrapper",
 "tower-layer",
 "tower-service",
]

[[package]]
name = "tower-layer"
version = "0.3.3"
source = "registry+https://github.com/rust-lang/crates.io-index"
checksum = "7d33c3e40f9d10c010fcd7b9994cc804ef2c9bfc16c49c824fe6225694cf87d1"

[[package]]
name = "tower-service"
version = "0.3.3"
source = "registry+https://github.com/rust-lang/crates.io-index"
checksum = "d1f083279544945f2c611b894f9c1d9b714b7e8c08e6944a23c4022fbd31c1e2"

[[package]]
name = "tracing"
version = "0.1.44"
source = "registry+https://github.com/rust-lang/crates.io-index"
checksum = "4dcc6a8afed5df844777532840b8ca7cffa1933cad6a7e88d88a8936a9f0c953"
dependencies = [
 "log",
 "pin-project-lite",
 "tracing-attributes",
 "tracing-core",
]

[[package]]
name = "tracing-attributes"
version = "0.1.31"
source = "registry+https://github.com/rust-lang/crates.io-index"
checksum = "7e17e3cbdbaf01e3a15dc999fe9d4a6f0646590f4922269fc5bf88e4b7c1c554"
dependencies = [
 "proc-macro2",
 "quote",
 "syn 2.0.119",
]

[[package]]
name = "tracing-core"
version = "0.1.36"
source = "registry+https://github.com/rust-lang/crates.io-index"
checksum = "d2e2c400d31324462e4448d7e6b93c79dbbdb7dd2b8b96b14bc20b3a3169ac9"
dependencies = [
 "once_cell",
]

[[package]]
name = "tracing-log"
version = "0.2.0"
source = "registry+https://github.com/rust-lang/crates.io-index"
checksum = "ee855f1f400bd5ca90a43504a7a943250c818136140c21ee88f5bd5f265d590cc"
dependencies = [
 "log",
 "once_cell",
 "tracing-core",
]

[[package]]
name = "tracing-subscriber"
version = "0.3.22"
source = "registry+https://github.com/rust-lang/crates.io-index"
checksum = "c6da7ea159fc9ef280d955ae4a57a3e426b9660c9f6ff496cb147ccbd41aa900"
dependencies = [
 "matchers",
 "once_cell",
 "regex-automata",
 "sharded-slab",
 "smallvec",
 "thread_local",
 "tracing",
 "tracing-core",
 "tracing-log",
]

[[package]]
name = "unicode-ident"
version = "1.0.24"
source = "registry+https://github.com/rust-lang/crates.io-index"
checksum = "b557ebc43b6ccbc5d826e194252dabd7de570e97a612da942b47893ad85115c15"

[[package]]
name = "url"
version = "2.5.8"
source = "registry+https://github.com/rust-lang/crates.io-index"
checksum = "08ad09908130ebf9a3b24c29c6ad3613439fc721cad69e29cf048945157b6773"
dependencies = [
 "form_urlencoded",
 "idna",
 "percent-encoding",
 "serde",
]

[[package]]
name = "utf8_iter"
version = "1.0.4"
source = "registry+https://github.com/rust-lang/crates.io-index"
checksum = "b96dd82c76043dd2f9b2741f4d6b03edec3fc30fb3da792d13b809e0df5eb58"

[[package]]
name = "wasi"
version = "0.11.1+wasi-snapshot-preview1"
source = "registry+https://github.com/rust-lang/crates.io-index"
checksum = "ccf3ec651a847eb01de73ccad15eb7d651e1735b949e795f1af43e27de00bf91"

[[package]]
name = "webpki-roots"
version = "1.0.6"
source = "registry+https://github.com/rust-lang/crates.io-index"
checksum = "c13a016947bf57802115bd80773b9e8a0d8e1f22b44a35cd621648ef919deecb"

[[package]]
name = "windows-link"
version = "0.2.1"
source = "registry+https://github.com/rust-lang/crates.io-index"
checksum = "f0805222e3fa5800207d117408210e962e2d18659598d1ebc04c4c5ecb28b376"

[[package]]
name = "windows-sys"
version = "0.61.2"
source = "registry+https://github.com/rust-lang/crates.io-index"
checksum = "f82be53fc1a34b69f3b8f161282ef5d6de87800936611606747241093553b63f"
dependencies = [
 "windows-link",
]

[[package]]
name = "writeable"
version = "0.6.2"
source = "registry+https://github.com/rust-lang/crates.io-index"
checksum = "1b1a1bf243692f31ec3e6ba7f932b28921fd9883c99d8d3c5564410574bb9913"

[[package]]
name = "yoke"
version = "0.8.1"
source = "registry+https://github.com/rust-lang/crates.io-index"
checksum = "b0d6e094ad51e0e76ea93df5205326462b3a7cdd3dfaa4e1e6ed8b8852e5a2e"
dependencies = [
 "stable_deref_trait",
 "yoke-derive",
 "zerofrom",
]

[[package]]
name = "yoke-derive"
version = "0.8.1"
source = "registry+https://github.com/rust-lang/crates.io-index"
checksum = "5036a281b152bee7f575c0a1f4e3a3100d3e5794b0b9e3d9678ea940b6cc44e1"
dependencies = [
 "proc-macro2",
 "quote",
 "syn 2.0.119",
]

[[package]]
name = "zerofrom"
version = "0.1.6"
source = "registry+https://github.com/rust-lang/crates.io-index"
checksum = "50cc42e0333e05660c3587f3bf9d0478688e15f870c77e816a525c6b5f47e7b"
dependencies = [
 "zerofrom-derive",
]

[[package]]
name = "zerofrom-derive"
version = "0.1.6"
source = "registry+https://github.com/rust-lang/crates.io-index"
checksum = "d71e5d2546262e9d4cc6e1e79f9d7306d1b9f95af3ed3c88f77c8f3a72546e"
dependencies = [
 "proc-macro2",
 "quote",
 "syn 2.0.119",
]

[[package]]
name = "zerotrie"
version = "0.2.3"
source = "registry+https://github.com/rust-lang/crates.io-index"
checksum = "a025fb8e5542ecbf960eea4e73bd370cc75d7010a770909782e16d5992d89fb4"
dependencies = [
 "displaydoc",
 "yoke",
 "zerofrom",
]

[[package]]
name = "zerovec"
version = "0.11.5"
source = "registry+https://github.com/rust-lang/crates.io-index"
checksum = "0825906859ee8f191f67727c8b3e00d47e385f236f6beea9d1dd1e5527c663e"
dependencies = [
 "yoke",
 "zerofrom",
 "zerovec-derive",
]

[[package]]
name = "zerovec-derive"
version = "0.11.2"
source = "registry+https://github.com/rust-lang/crates.io-index"
checksum = "13ba97881a10bc461a05f7e1490a97aee90b202fa3e0603307bbb672bd9830c0"
dependencies = [
 "proc-macro2",
 "quote",
 "syn 2.0.119",
]

[[package]]
name = "zmij"
version = "1.0.20"
source = "registry+https://github.com/rust-lang/crates.io-index"
checksum = "3b10ad0943a8dde405c302f29f3f9a45f51da3604a2876766d24280d8d567eb5"
